// !$*UTF8*$!
{
	archiveVersion = 1;
	classes = {
	};
	objectVersion = 56;
	objects = {

/* Begin PBXBuildFile section */
		310140AB2D56A42B007C6CC2 /* ProgressHUD in Frameworks */ = {isa = PBXBuildFile; productRef = 310140AA2D56A42B007C6CC2 /* ProgressHUD */; };
		310140AE2D56A445007C6CC2 /* ProgressHUD in Frameworks */ = {isa = PBXBuildFile; productRef = 310140AD2D56A445007C6CC2 /* ProgressHUD */; };
		310F12C42D80C1DA00923EDA /* Splash+Ext.swift in Sources */ = {isa = PBXBuildFile; fileRef = 310F12A92D80C1DA00923EDA /* Splash+Ext.swift */; };
		310F12C52D80C1DA00923EDA /* ImagesListViewController.swift in Sources */ = {isa = PBXBuildFile; fileRef = 310F129F2D80C1DA00923EDA /* ImagesListViewController.swift */; };
		310F12C62D80C1DA00923EDA /* Profile+Ext.swift in Sources */ = {isa = PBXBuildFile; fileRef = 310F12AA2D80C1DA00923EDA /* Profile+Ext.swift */; };
		310F12C72D80C1DA00923EDA /* WebViewViewControllerDelegate.swift in Sources */ = {isa = PBXBuildFile; fileRef = 310F12A22D80C1DA00923EDA /* WebViewViewControllerDelegate.swift */; };
		310F12C82D80C1DA00923EDA /* URLSession+Ext.swift in Sources */ = {isa = PBXBuildFile; fileRef = 310F12AC2D80C1DA00923EDA /* URLSession+Ext.swift */; };
		310F12CA2D80C1DA00923EDA /* ProfileImageService.swift in Sources */ = {isa = PBXBuildFile; fileRef = 310F12BA2D80C1DA00923EDA /* ProfileImageService.swift */; };
		310F12CB2D80C1DA00923EDA /* ProfileService.swift in Sources */ = {isa = PBXBuildFile; fileRef = 310F12B92D80C1DA00923EDA /* ProfileService.swift */; };
		310F12CC2D80C1DA00923EDA /* PhotoURLs.swift in Sources */ = {isa = PBXBuildFile; fileRef = 310F12AE2D80C1DA00923EDA /* PhotoURLs.swift */; };
		310F12CD2D80C1DA00923EDA /* UserResult.swift in Sources */ = {isa = PBXBuildFile; fileRef = 310F12B12D80C1DA00923EDA /* UserResult.swift */; };
		310F12CE2D80C1DA00923EDA /* ProfileViewController.swift in Sources */ = {isa = PBXBuildFile; fileRef = 310F12A02D80C1DA00923EDA /* ProfileViewController.swift */; };
		310F12CF2D80C1DA00923EDA /* Profile.swift in Sources */ = {isa = PBXBuildFile; fileRef = 310F12B22D80C1DA00923EDA /* Profile.swift */; };
		310F12D02D80C1DA00923EDA /* Photo.swift in Sources */ = {isa = PBXBuildFile; fileRef = 310F12B02D80C1DA00923EDA /* Photo.swift */; };
		310F12D22D80C1DA00923EDA /* OAuth2Service.swift in Sources */ = {isa = PBXBuildFile; fileRef = 310F12B82D80C1DA00923EDA /* OAuth2Service.swift */; };
		310F12D32D80C1DA00923EDA /* ImagesListCell.swift in Sources */ = {isa = PBXBuildFile; fileRef = 310F12C22D80C1DA00923EDA /* ImagesListCell.swift */; };
		310F12D42D80C1DA00923EDA /* UIBlockingProgressHUD.swift in Sources */ = {isa = PBXBuildFile; fileRef = 310F129B2D80C1DA00923EDA /* UIBlockingProgressHUD.swift */; };
		310F12D52D80C1DA00923EDA /* URLRequest+Ext.swift in Sources */ = {isa = PBXBuildFile; fileRef = 310F12AB2D80C1DA00923EDA /* URLRequest+Ext.swift */; };
		310F12D62D80C1DA00923EDA /* WebViewViewController.swift in Sources */ = {isa = PBXBuildFile; fileRef = 310F12A32D80C1DA00923EDA /* WebViewViewController.swift */; };
		310F12D72D80C1DA00923EDA /* OAuthTokenResponseBody.swift in Sources */ = {isa = PBXBuildFile; fileRef = 310F12B52D80C1DA00923EDA /* OAuthTokenResponseBody.swift */; };
		310F12D82D80C1DA00923EDA /* ImagesListService.swift in Sources */ = {isa = PBXBuildFile; fileRef = 310F12B72D80C1DA00923EDA /* ImagesListService.swift */; };
		310F12D92D80C1DA00923EDA /* ProfileImage.swift in Sources */ = {isa = PBXBuildFile; fileRef = 310F12B42D80C1DA00923EDA /* ProfileImage.swift */; };
		310F12DA2D80C1DA00923EDA /* PhotoResult.swift in Sources */ = {isa = PBXBuildFile; fileRef = 310F12AF2D80C1DA00923EDA /* PhotoResult.swift */; };
		310F12DB2D80C1DA00923EDA /* Constants.swift in Sources */ = {isa = PBXBuildFile; fileRef = 310F12BC2D80C1DA00923EDA /* Constants.swift */; };
		310F12DC2D80C1DA00923EDA /* AuthViewController.swift in Sources */ = {isa = PBXBuildFile; fileRef = 310F129E2D80C1DA00923EDA /* AuthViewController.swift */; };
		310F12DD2D80C1DA00923EDA /* TabBarController.swift in Sources */ = {isa = PBXBuildFile; fileRef = 310F129D2D80C1DA00923EDA /* TabBarController.swift */; };
		310F12DE2D80C1DA00923EDA /* OAuth2TokenStorage.swift in Sources */ = {isa = PBXBuildFile; fileRef = 310F12C02D80C1DA00923EDA /* OAuth2TokenStorage.swift */; };
		310F12DF2D80C1DA00923EDA /* AuthViewControllerDelegate.swift in Sources */ = {isa = PBXBuildFile; fileRef = 310F12BF2D80C1DA00923EDA /* AuthViewControllerDelegate.swift */; };
		310F12E02D80C1DA00923EDA /* NetworkError.swift in Sources */ = {isa = PBXBuildFile; fileRef = 310F12BD2D80C1DA00923EDA /* NetworkError.swift */; };
		310F12E12D80C1DA00923EDA /* ProfileResult.swift in Sources */ = {isa = PBXBuildFile; fileRef = 310F12B32D80C1DA00923EDA /* ProfileResult.swift */; };
		310F12E22D80C1DA00923EDA /* ImagesCreateTable+Ext.swift in Sources */ = {isa = PBXBuildFile; fileRef = 310F12A52D80C1DA00923EDA /* ImagesCreateTable+Ext.swift */; };
		310F12E32D80C1DA00923EDA /* SingleImageViewController.swift in Sources */ = {isa = PBXBuildFile; fileRef = 310F12A12D80C1DA00923EDA /* SingleImageViewController.swift */; };
		31636A5C2CAFCC3100F2F859 /* SplashViewController.swift in Sources */ = {isa = PBXBuildFile; fileRef = 31636A5B2CAFCC3100F2F859 /* SplashViewController.swift */; };
		318918F02C7D0EB0009312AD /* AppDelegate.swift in Sources */ = {isa = PBXBuildFile; fileRef = 318918EF2C7D0EB0009312AD /* AppDelegate.swift */; };
		318918F22C7D0EB0009312AD /* SceneDelegate.swift in Sources */ = {isa = PBXBuildFile; fileRef = 318918F12C7D0EB0009312AD /* SceneDelegate.swift */; };
		318918F92C7D0EB2009312AD /* Assets.xcassets in Resources */ = {isa = PBXBuildFile; fileRef = 318918F82C7D0EB2009312AD /* Assets.xcassets */; };
		31928D302CBC206B007DDC94 /* ProgressHUD in Frameworks */ = {isa = PBXBuildFile; productRef = 31928D2F2CBC206B007DDC94 /* ProgressHUD */; };
		31A090442D65202900DFA357 /* Kingfisher in Frameworks */ = {isa = PBXBuildFile; productRef = 31A090432D65202900DFA357 /* Kingfisher */; };
		31A090462D65340700DFA357 /* Kingfisher in Frameworks */ = {isa = PBXBuildFile; productRef = 31A090452D65340700DFA357 /* Kingfisher */; };
		31A090492D65341800DFA357 /* SwiftKeychainWrapper in Frameworks */ = {isa = PBXBuildFile; productRef = 31A090482D65341800DFA357 /* SwiftKeychainWrapper */; };
		31C83D292C849BAB007FCA56 /* Main.storyboard in Resources */ = {isa = PBXBuildFile; fileRef = 318918F52C7D0EB0009312AD /* Main.storyboard */; };
		31C83D552C87A724007FCA56 /* LaunchScreen.storyboard in Resources */ = {isa = PBXBuildFile; fileRef = 318918FA2C7D0EB2009312AD /* LaunchScreen.storyboard */; };
		31CEE20E2D6B972300BC598E /* No Active.svg in Resources */ = {isa = PBXBuildFile; fileRef = 31CEE20D2D6B972300BC598E /* No Active.svg */; };
		31E898B52D87672F0045A9AE /* ProfileLogoutService.swift in Sources */ = {isa = PBXBuildFile; fileRef = 31E898B42D87671D0045A9AE /* ProfileLogoutService.swift */; };
		31FB81C22D83688600F52B8B /* PhotoLinks.swift in Sources */ = {isa = PBXBuildFile; fileRef = 31FB81C12D83687700F52B8B /* PhotoLinks.swift */; };
/* End PBXBuildFile section */

/* Begin PBXFileReference section */
		310F129B2D80C1DA00923EDA /* UIBlockingProgressHUD.swift */ = {isa = PBXFileReference; lastKnownFileType = sourcecode.swift; path = UIBlockingProgressHUD.swift; sourceTree = "<group>"; };
		310F129D2D80C1DA00923EDA /* TabBarController.swift */ = {isa = PBXFileReference; lastKnownFileType = sourcecode.swift; path = TabBarController.swift; sourceTree = "<group>"; };
		310F129E2D80C1DA00923EDA /* AuthViewController.swift */ = {isa = PBXFileReference; lastKnownFileType = sourcecode.swift; path = AuthViewController.swift; sourceTree = "<group>"; };
		310F129F2D80C1DA00923EDA /* ImagesListViewController.swift */ = {isa = PBXFileReference; lastKnownFileType = sourcecode.swift; path = ImagesListViewController.swift; sourceTree = "<group>"; };
		310F12A02D80C1DA00923EDA /* ProfileViewController.swift */ = {isa = PBXFileReference; lastKnownFileType = sourcecode.swift; path = ProfileViewController.swift; sourceTree = "<group>"; };
		310F12A12D80C1DA00923EDA /* SingleImageViewController.swift */ = {isa = PBXFileReference; lastKnownFileType = sourcecode.swift; path = SingleImageViewController.swift; sourceTree = "<group>"; };
		310F12A22D80C1DA00923EDA /* WebViewViewControllerDelegate.swift */ = {isa = PBXFileReference; lastKnownFileType = sourcecode.swift; path = WebViewViewControllerDelegate.swift; sourceTree = "<group>"; };
		310F12A32D80C1DA00923EDA /* WebViewViewController.swift */ = {isa = PBXFileReference; lastKnownFileType = sourcecode.swift; path = WebViewViewController.swift; sourceTree = "<group>"; };
		310F12A52D80C1DA00923EDA /* ImagesCreateTable+Ext.swift */ = {isa = PBXFileReference; lastKnownFileType = sourcecode.swift; path = "ImagesCreateTable+Ext.swift"; sourceTree = "<group>"; };
		310F12A92D80C1DA00923EDA /* Splash+Ext.swift */ = {isa = PBXFileReference; lastKnownFileType = sourcecode.swift; path = "Splash+Ext.swift"; sourceTree = "<group>"; };
		310F12AA2D80C1DA00923EDA /* Profile+Ext.swift */ = {isa = PBXFileReference; lastKnownFileType = sourcecode.swift; path = "Profile+Ext.swift"; sourceTree = "<group>"; };
		310F12AB2D80C1DA00923EDA /* URLRequest+Ext.swift */ = {isa = PBXFileReference; lastKnownFileType = sourcecode.swift; path = "URLRequest+Ext.swift"; sourceTree = "<group>"; };
		310F12AC2D80C1DA00923EDA /* URLSession+Ext.swift */ = {isa = PBXFileReference; lastKnownFileType = sourcecode.swift; path = "URLSession+Ext.swift"; sourceTree = "<group>"; };
		310F12AE2D80C1DA00923EDA /* PhotoURLs.swift */ = {isa = PBXFileReference; lastKnownFileType = sourcecode.swift; path = PhotoURLs.swift; sourceTree = "<group>"; };
		310F12AF2D80C1DA00923EDA /* PhotoResult.swift */ = {isa = PBXFileReference; lastKnownFileType = sourcecode.swift; path = PhotoResult.swift; sourceTree = "<group>"; };
		310F12B02D80C1DA00923EDA /* Photo.swift */ = {isa = PBXFileReference; lastKnownFileType = sourcecode.swift; path = Photo.swift; sourceTree = "<group>"; };
		310F12B12D80C1DA00923EDA /* UserResult.swift */ = {isa = PBXFileReference; lastKnownFileType = sourcecode.swift; path = UserResult.swift; sourceTree = "<group>"; };
		310F12B22D80C1DA00923EDA /* Profile.swift */ = {isa = PBXFileReference; lastKnownFileType = sourcecode.swift; path = Profile.swift; sourceTree = "<group>"; };
		310F12B32D80C1DA00923EDA /* ProfileResult.swift */ = {isa = PBXFileReference; lastKnownFileType = sourcecode.swift; path = ProfileResult.swift; sourceTree = "<group>"; };
		310F12B42D80C1DA00923EDA /* ProfileImage.swift */ = {isa = PBXFileReference; lastKnownFileType = sourcecode.swift; path = ProfileImage.swift; sourceTree = "<group>"; };
		310F12B52D80C1DA00923EDA /* OAuthTokenResponseBody.swift */ = {isa = PBXFileReference; lastKnownFileType = sourcecode.swift; path = OAuthTokenResponseBody.swift; sourceTree = "<group>"; };
		310F12B72D80C1DA00923EDA /* ImagesListService.swift */ = {isa = PBXFileReference; lastKnownFileType = sourcecode.swift; path = ImagesListService.swift; sourceTree = "<group>"; };
		310F12B82D80C1DA00923EDA /* OAuth2Service.swift */ = {isa = PBXFileReference; lastKnownFileType = sourcecode.swift; path = OAuth2Service.swift; sourceTree = "<group>"; };
		310F12B92D80C1DA00923EDA /* ProfileService.swift */ = {isa = PBXFileReference; lastKnownFileType = sourcecode.swift; path = ProfileService.swift; sourceTree = "<group>"; };
		310F12BA2D80C1DA00923EDA /* ProfileImageService.swift */ = {isa = PBXFileReference; lastKnownFileType = sourcecode.swift; path = ProfileImageService.swift; sourceTree = "<group>"; };
		310F12BC2D80C1DA00923EDA /* Constants.swift */ = {isa = PBXFileReference; lastKnownFileType = sourcecode.swift; path = Constants.swift; sourceTree = "<group>"; };
		310F12BD2D80C1DA00923EDA /* NetworkError.swift */ = {isa = PBXFileReference; lastKnownFileType = sourcecode.swift; path = NetworkError.swift; sourceTree = "<group>"; };
		310F12BF2D80C1DA00923EDA /* AuthViewControllerDelegate.swift */ = {isa = PBXFileReference; lastKnownFileType = sourcecode.swift; path = AuthViewControllerDelegate.swift; sourceTree = "<group>"; };
		310F12C02D80C1DA00923EDA /* OAuth2TokenStorage.swift */ = {isa = PBXFileReference; lastKnownFileType = sourcecode.swift; path = OAuth2TokenStorage.swift; sourceTree = "<group>"; };
		310F12C22D80C1DA00923EDA /* ImagesListCell.swift */ = {isa = PBXFileReference; lastKnownFileType = sourcecode.swift; path = ImagesListCell.swift; sourceTree = "<group>"; };
		31636A5B2CAFCC3100F2F859 /* SplashViewController.swift */ = {isa = PBXFileReference; lastKnownFileType = sourcecode.swift; path = SplashViewController.swift; sourceTree = "<group>"; };
		318918EC2C7D0EB0009312AD /* ImageFeedFun.app */ = {isa = PBXFileReference; explicitFileType = wrapper.application; includeInIndex = 0; path = ImageFeedFun.app; sourceTree = BUILT_PRODUCTS_DIR; };
		318918EF2C7D0EB0009312AD /* AppDelegate.swift */ = {isa = PBXFileReference; lastKnownFileType = sourcecode.swift; path = AppDelegate.swift; sourceTree = "<group>"; };
		318918F12C7D0EB0009312AD /* SceneDelegate.swift */ = {isa = PBXFileReference; lastKnownFileType = sourcecode.swift; path = SceneDelegate.swift; sourceTree = "<group>"; };
		318918F62C7D0EB0009312AD /* Base */ = {isa = PBXFileReference; lastKnownFileType = file.storyboard; name = Base; path = Base.lproj/Main.storyboard; sourceTree = "<group>"; };
		318918F82C7D0EB2009312AD /* Assets.xcassets */ = {isa = PBXFileReference; lastKnownFileType = folder.assetcatalog; path = Assets.xcassets; sourceTree = "<group>"; };
		318918FB2C7D0EB2009312AD /* Base */ = {isa = PBXFileReference; lastKnownFileType = file.storyboard; name = Base; path = Base.lproj/LaunchScreen.storyboard; sourceTree = "<group>"; };
		318918FD2C7D0EB2009312AD /* Info.plist */ = {isa = PBXFileReference; lastKnownFileType = text.plist.xml; path = Info.plist; sourceTree = "<group>"; };
		31CEE20D2D6B972300BC598E /* No Active.svg */ = {isa = PBXFileReference; lastKnownFileType = text; path = "No Active.svg"; sourceTree = "<group>"; };
		31E898B42D87671D0045A9AE /* ProfileLogoutService.swift */ = {isa = PBXFileReference; lastKnownFileType = sourcecode.swift; path = ProfileLogoutService.swift; sourceTree = "<group>"; };
		31FB81C12D83687700F52B8B /* PhotoLinks.swift */ = {isa = PBXFileReference; lastKnownFileType = sourcecode.swift; path = PhotoLinks.swift; sourceTree = "<group>"; };
/* End PBXFileReference section */

/* Begin PBXFrameworksBuildPhase section */
		318918E92C7D0EB0009312AD /* Frameworks */ = {
			isa = PBXFrameworksBuildPhase;
			buildActionMask = 2147483647;
			files = (
				31A090442D65202900DFA357 /* Kingfisher in Frameworks */,
				310140AE2D56A445007C6CC2 /* ProgressHUD in Frameworks */,
				31A090492D65341800DFA357 /* SwiftKeychainWrapper in Frameworks */,
				31928D302CBC206B007DDC94 /* ProgressHUD in Frameworks */,
				310140AB2D56A42B007C6CC2 /* ProgressHUD in Frameworks */,
				31A090462D65340700DFA357 /* Kingfisher in Frameworks */,
			);
			runOnlyForDeploymentPostprocessing = 0;
		};
/* End PBXFrameworksBuildPhase section */

/* Begin PBXGroup section */
		310F129C2D80C1DA00923EDA /* Other */ = {
			isa = PBXGroup;
			children = (
				310F129B2D80C1DA00923EDA /* UIBlockingProgressHUD.swift */,
			);
			path = Other;
			sourceTree = "<group>";
		};
		310F12A42D80C1DA00923EDA /* Controllers */ = {
			isa = PBXGroup;
			children = (
				310F129D2D80C1DA00923EDA /* TabBarController.swift */,
				310F129E2D80C1DA00923EDA /* AuthViewController.swift */,
				310F129F2D80C1DA00923EDA /* ImagesListViewController.swift */,
				310F12A02D80C1DA00923EDA /* ProfileViewController.swift */,
				310F12A12D80C1DA00923EDA /* SingleImageViewController.swift */,
				310F12A22D80C1DA00923EDA /* WebViewViewControllerDelegate.swift */,
				310F12A32D80C1DA00923EDA /* WebViewViewController.swift */,
			);
			path = Controllers;
			sourceTree = "<group>";
		};
		310F12A82D80C1DA00923EDA /* ImagesListControllerExt */ = {
			isa = PBXGroup;
			children = (
				310F12A52D80C1DA00923EDA /* ImagesCreateTable+Ext.swift */,
			);
			path = ImagesListControllerExt;
			sourceTree = "<group>";
		};
		310F12AD2D80C1DA00923EDA /* Extensions */ = {
			isa = PBXGroup;
			children = (
				310F12A82D80C1DA00923EDA /* ImagesListControllerExt */,
				310F12A92D80C1DA00923EDA /* Splash+Ext.swift */,
				310F12AA2D80C1DA00923EDA /* Profile+Ext.swift */,
				310F12AB2D80C1DA00923EDA /* URLRequest+Ext.swift */,
				310F12AC2D80C1DA00923EDA /* URLSession+Ext.swift */,
			);
			path = Extensions;
			sourceTree = "<group>";
		};
		310F12B62D80C1DA00923EDA /* Struct */ = {
			isa = PBXGroup;
			children = (
				310F12AE2D80C1DA00923EDA /* PhotoURLs.swift */,
				31FB81C12D83687700F52B8B /* PhotoLinks.swift */,
				310F12B42D80C1DA00923EDA /* ProfileImage.swift */,
				310F12AF2D80C1DA00923EDA /* PhotoResult.swift */,
				310F12B02D80C1DA00923EDA /* Photo.swift */,
				310F12B12D80C1DA00923EDA /* UserResult.swift */,
				310F12B22D80C1DA00923EDA /* Profile.swift */,
				310F12B32D80C1DA00923EDA /* ProfileResult.swift */,
				310F12B52D80C1DA00923EDA /* OAuthTokenResponseBody.swift */,
			);
			path = Struct;
			sourceTree = "<group>";
		};
		310F12BB2D80C1DA00923EDA /* Service */ = {
			isa = PBXGroup;
			children = (
				31E898B42D87671D0045A9AE /* ProfileLogoutService.swift */,
				310F12B72D80C1DA00923EDA /* ImagesListService.swift */,
				310F12B82D80C1DA00923EDA /* OAuth2Service.swift */,
				310F12B92D80C1DA00923EDA /* ProfileService.swift */,
				310F12BA2D80C1DA00923EDA /* ProfileImageService.swift */,
			);
			path = Service;
			sourceTree = "<group>";
		};
		310F12BE2D80C1DA00923EDA /* Constants */ = {
			isa = PBXGroup;
			children = (
				310F12BC2D80C1DA00923EDA /* Constants.swift */,
				310F12BD2D80C1DA00923EDA /* NetworkError.swift */,
			);
			path = Constants;
			sourceTree = "<group>";
		};
		310F12C12D80C1DA00923EDA /* Auth */ = {
			isa = PBXGroup;
			children = (
				310F12BF2D80C1DA00923EDA /* AuthViewControllerDelegate.swift */,
				310F12C02D80C1DA00923EDA /* OAuth2TokenStorage.swift */,
			);
			path = Auth;
			sourceTree = "<group>";
		};
		310F12C32D80C1DA00923EDA /* ImagesList */ = {
			isa = PBXGroup;
			children = (
				310F12C22D80C1DA00923EDA /* ImagesListCell.swift */,
			);
			path = ImagesList;
			sourceTree = "<group>";
		};
		318918E32C7D0EB0009312AD = {
			isa = PBXGroup;
			children = (
				318918EE2C7D0EB0009312AD /* ImageFeedFun */,
				318918ED2C7D0EB0009312AD /* Products */,
			);
			sourceTree = "<group>";
		};
		318918ED2C7D0EB0009312AD /* Products */ = {
			isa = PBXGroup;
			children = (
				318918EC2C7D0EB0009312AD /* ImageFeedFun.app */,
			);
			name = Products;
			sourceTree = "<group>";
		};
		318918EE2C7D0EB0009312AD /* ImageFeedFun */ = {
			isa = PBXGroup;
			children = (
				310F129C2D80C1DA00923EDA /* Other */,
				310F12A42D80C1DA00923EDA /* Controllers */,
				310F12AD2D80C1DA00923EDA /* Extensions */,
				310F12B62D80C1DA00923EDA /* Struct */,
				310F12BB2D80C1DA00923EDA /* Service */,
				310F12BE2D80C1DA00923EDA /* Constants */,
				310F12C12D80C1DA00923EDA /* Auth */,
				310F12C32D80C1DA00923EDA /* ImagesList */,
				318918EF2C7D0EB0009312AD /* AppDelegate.swift */,
				318918F12C7D0EB0009312AD /* SceneDelegate.swift */,
				318918F52C7D0EB0009312AD /* Main.storyboard */,
				31636A5B2CAFCC3100F2F859 /* SplashViewController.swift */,
				318918F82C7D0EB2009312AD /* Assets.xcassets */,
				31CEE20D2D6B972300BC598E /* No Active.svg */,
				318918FA2C7D0EB2009312AD /* LaunchScreen.storyboard */,
				318918FD2C7D0EB2009312AD /* Info.plist */,
			);
			path = ImageFeedFun;
			sourceTree = "<group>";
		};
/* End PBXGroup section */

/* Begin PBXNativeTarget section */
		318918EB2C7D0EB0009312AD /* ImageFeedFun */ = {
			isa = PBXNativeTarget;
			buildConfigurationList = 318919002C7D0EB2009312AD /* Build configuration list for PBXNativeTarget "ImageFeedFun" */;
			buildPhases = (
				318918E82C7D0EB0009312AD /* Sources */,
				318918E92C7D0EB0009312AD /* Frameworks */,
				318918EA2C7D0EB0009312AD /* Resources */,
			);
			buildRules = (
			);
			dependencies = (
			);
			name = ImageFeedFun;
			productName = ImageFeedFun;
			productReference = 318918EC2C7D0EB0009312AD /* ImageFeedFun.app */;
			productType = "com.apple.product-type.application";
		};
/* End PBXNativeTarget section */

/* Begin PBXProject section */
		318918E42C7D0EB0009312AD /* Project object */ = {
			isa = PBXProject;
			attributes = {
				BuildIndependentTargetsInParallel = 1;
				LastSwiftUpdateCheck = 1540;
				LastUpgradeCheck = 1540;
				TargetAttributes = {
					318918EB2C7D0EB0009312AD = {
						CreatedOnToolsVersion = 15.4;
					};
				};
			};
			buildConfigurationList = 318918E72C7D0EB0009312AD /* Build configuration list for PBXProject "ImageFeedFun" */;
			compatibilityVersion = "Xcode 14.0";
			developmentRegion = en;
			hasScannedForEncodings = 0;
			knownRegions = (
				en,
				Base,
			);
			mainGroup = 318918E32C7D0EB0009312AD;
			packageReferences = (
				310140AC2D56A445007C6CC2 /* XCRemoteSwiftPackageReference "ProgressHUD" */,
				31A090422D65202900DFA357 /* XCRemoteSwiftPackageReference "Kingfisher" */,
				31A090472D65341800DFA357 /* XCRemoteSwiftPackageReference "SwiftKeychainWrapper" */,
			);
			productRefGroup = 318918ED2C7D0EB0009312AD /* Products */;
			projectDirPath = "";
			projectRoot = "";
			targets = (
				318918EB2C7D0EB0009312AD /* ImageFeedFun */,
			);
		};
/* End PBXProject section */

/* Begin PBXResourcesBuildPhase section */
		318918EA2C7D0EB0009312AD /* Resources */ = {
			isa = PBXResourcesBuildPhase;
			buildActionMask = 2147483647;
			files = (
				31CEE20E2D6B972300BC598E /* No Active.svg in Resources */,
				31C83D552C87A724007FCA56 /* LaunchScreen.storyboard in Resources */,
				318918F92C7D0EB2009312AD /* Assets.xcassets in Resources */,
				31C83D292C849BAB007FCA56 /* Main.storyboard in Resources */,
			);
			runOnlyForDeploymentPostprocessing = 0;
		};
/* End PBXResourcesBuildPhase section */

/* Begin PBXSourcesBuildPhase section */
		318918E82C7D0EB0009312AD /* Sources */ = {
			isa = PBXSourcesBuildPhase;
			buildActionMask = 2147483647;
			files = (
				31636A5C2CAFCC3100F2F859 /* SplashViewController.swift in Sources */,
				318918F02C7D0EB0009312AD /* AppDelegate.swift in Sources */,
				31FB81C22D83688600F52B8B /* PhotoLinks.swift in Sources */,
				310F12C42D80C1DA00923EDA /* Splash+Ext.swift in Sources */,
				310F12C52D80C1DA00923EDA /* ImagesListViewController.swift in Sources */,
				310F12C62D80C1DA00923EDA /* Profile+Ext.swift in Sources */,
				310F12C72D80C1DA00923EDA /* WebViewViewControllerDelegate.swift in Sources */,
				310F12C82D80C1DA00923EDA /* URLSession+Ext.swift in Sources */,
				310F12CA2D80C1DA00923EDA /* ProfileImageService.swift in Sources */,
				310F12CB2D80C1DA00923EDA /* ProfileService.swift in Sources */,
				310F12CC2D80C1DA00923EDA /* PhotoURLs.swift in Sources */,
				310F12CD2D80C1DA00923EDA /* UserResult.swift in Sources */,
				310F12CE2D80C1DA00923EDA /* ProfileViewController.swift in Sources */,
				310F12CF2D80C1DA00923EDA /* Profile.swift in Sources */,
				310F12D02D80C1DA00923EDA /* Photo.swift in Sources */,
				310F12D22D80C1DA00923EDA /* OAuth2Service.swift in Sources */,
				310F12D32D80C1DA00923EDA /* ImagesListCell.swift in Sources */,
				310F12D42D80C1DA00923EDA /* UIBlockingProgressHUD.swift in Sources */,
				31E898B52D87672F0045A9AE /* ProfileLogoutService.swift in Sources */,
				310F12D52D80C1DA00923EDA /* URLRequest+Ext.swift in Sources */,
				310F12D62D80C1DA00923EDA /* WebViewViewController.swift in Sources */,
				310F12D72D80C1DA00923EDA /* OAuthTokenResponseBody.swift in Sources */,
				310F12D82D80C1DA00923EDA /* ImagesListService.swift in Sources */,
				310F12D92D80C1DA00923EDA /* ProfileImage.swift in Sources */,
				310F12DA2D80C1DA00923EDA /* PhotoResult.swift in Sources */,
				310F12DB2D80C1DA00923EDA /* Constants.swift in Sources */,
				310F12DC2D80C1DA00923EDA /* AuthViewController.swift in Sources */,
				310F12DD2D80C1DA00923EDA /* TabBarController.swift in Sources */,
				310F12DE2D80C1DA00923EDA /* OAuth2TokenStorage.swift in Sources */,
				310F12DF2D80C1DA00923EDA /* AuthViewControllerDelegate.swift in Sources */,
				310F12E02D80C1DA00923EDA /* NetworkError.swift in Sources */,
				310F12E12D80C1DA00923EDA /* ProfileResult.swift in Sources */,
				310F12E22D80C1DA00923EDA /* ImagesCreateTable+Ext.swift in Sources */,
				310F12E32D80C1DA00923EDA /* SingleImageViewController.swift in Sources */,
				318918F22C7D0EB0009312AD /* SceneDelegate.swift in Sources */,
			);
			runOnlyForDeploymentPostprocessing = 0;
		};
/* End PBXSourcesBuildPhase section */

/* Begin PBXVariantGroup section */
		318918F52C7D0EB0009312AD /* Main.storyboard */ = {
			isa = PBXVariantGroup;
			children = (
				318918F62C7D0EB0009312AD /* Base */,
			);
			name = Main.storyboard;
			sourceTree = "<group>";
		};
		318918FA2C7D0EB2009312AD /* LaunchScreen.storyboard */ = {
			isa = PBXVariantGroup;
			children = (
				318918FB2C7D0EB2009312AD /* Base */,
			);
			name = LaunchScreen.storyboard;
			sourceTree = "<group>";
		};
/* End PBXVariantGroup section */

/* Begin XCBuildConfiguration section */
		318918FE2C7D0EB2009312AD /* Debug */ = {
			isa = XCBuildConfiguration;
			buildSettings = {
				ALWAYS_SEARCH_USER_PATHS = NO;
				ASSETCATALOG_COMPILER_GENERATE_SWIFT_ASSET_SYMBOL_EXTENSIONS = YES;
				CLANG_ANALYZER_NONNULL = YES;
				CLANG_ANALYZER_NUMBER_OBJECT_CONVERSION = YES_AGGRESSIVE;
				CLANG_CXX_LANGUAGE_STANDARD = "gnu++20";
				CLANG_ENABLE_MODULES = YES;
				CLANG_ENABLE_OBJC_ARC = YES;
				CLANG_ENABLE_OBJC_WEAK = YES;
				CLANG_WARN_BLOCK_CAPTURE_AUTORELEASING = YES;
				CLANG_WARN_BOOL_CONVERSION = YES;
				CLANG_WARN_COMMA = YES;
				CLANG_WARN_CONSTANT_CONVERSION = YES;
				CLANG_WARN_DEPRECATED_OBJC_IMPLEMENTATIONS = YES;
				CLANG_WARN_DIRECT_OBJC_ISA_USAGE = YES_ERROR;
				CLANG_WARN_DOCUMENTATION_COMMENTS = YES;
				CLANG_WARN_EMPTY_BODY = YES;
				CLANG_WARN_ENUM_CONVERSION = YES;
				CLANG_WARN_INFINITE_RECURSION = YES;
				CLANG_WARN_INT_CONVERSION = YES;
				CLANG_WARN_NON_LITERAL_NULL_CONVERSION = YES;
				CLANG_WARN_OBJC_IMPLICIT_RETAIN_SELF = YES;
				CLANG_WARN_OBJC_LITERAL_CONVERSION = YES;
				CLANG_WARN_OBJC_ROOT_CLASS = YES_ERROR;
				CLANG_WARN_QUOTED_INCLUDE_IN_FRAMEWORK_HEADER = YES;
				CLANG_WARN_RANGE_LOOP_ANALYSIS = YES;
				CLANG_WARN_STRICT_PROTOTYPES = YES;
				CLANG_WARN_SUSPICIOUS_MOVE = YES;
				CLANG_WARN_UNGUARDED_AVAILABILITY = YES_AGGRESSIVE;
				CLANG_WARN_UNREACHABLE_CODE = YES;
				CLANG_WARN__DUPLICATE_METHOD_MATCH = YES;
				COPY_PHASE_STRIP = NO;
				DEBUG_INFORMATION_FORMAT = dwarf;
				ENABLE_STRICT_OBJC_MSGSEND = YES;
				ENABLE_TESTABILITY = YES;
				ENABLE_USER_SCRIPT_SANDBOXING = YES;
				GCC_C_LANGUAGE_STANDARD = gnu17;
				GCC_DYNAMIC_NO_PIC = NO;
				GCC_NO_COMMON_BLOCKS = YES;
				GCC_OPTIMIZATION_LEVEL = 0;
				GCC_PREPROCESSOR_DEFINITIONS = (
					"DEBUG=1",
					"$(inherited)",
				);
				GCC_WARN_64_TO_32_BIT_CONVERSION = YES;
				GCC_WARN_ABOUT_RETURN_TYPE = YES_ERROR;
				GCC_WARN_UNDECLARED_SELECTOR = YES;
				GCC_WARN_UNINITIALIZED_AUTOS = YES_AGGRESSIVE;
				GCC_WARN_UNUSED_FUNCTION = YES;
				GCC_WARN_UNUSED_VARIABLE = YES;
				IPHONEOS_DEPLOYMENT_TARGET = 13.0;
				LOCALIZATION_PREFERS_STRING_CATALOGS = YES;
				MTL_ENABLE_DEBUG_INFO = INCLUDE_SOURCE;
				MTL_FAST_MATH = YES;
				ONLY_ACTIVE_ARCH = YES;
				SDKROOT = iphoneos;
				SWIFT_ACTIVE_COMPILATION_CONDITIONS = "DEBUG $(inherited)";
				SWIFT_OPTIMIZATION_LEVEL = "-Onone";
			};
			name = Debug;
		};
		318918FF2C7D0EB2009312AD /* Release */ = {
			isa = XCBuildConfiguration;
			buildSettings = {
				ALWAYS_SEARCH_USER_PATHS = NO;
				ASSETCATALOG_COMPILER_GENERATE_SWIFT_ASSET_SYMBOL_EXTENSIONS = YES;
				CLANG_ANALYZER_NONNULL = YES;
				CLANG_ANALYZER_NUMBER_OBJECT_CONVERSION = YES_AGGRESSIVE;
				CLANG_CXX_LANGUAGE_STANDARD = "gnu++20";
				CLANG_ENABLE_MODULES = YES;
				CLANG_ENABLE_OBJC_ARC = YES;
				CLANG_ENABLE_OBJC_WEAK = YES;
				CLANG_WARN_BLOCK_CAPTURE_AUTORELEASING = YES;
				CLANG_WARN_BOOL_CONVERSION = YES;
				CLANG_WARN_COMMA = YES;
				CLANG_WARN_CONSTANT_CONVERSION = YES;
				CLANG_WARN_DEPRECATED_OBJC_IMPLEMENTATIONS = YES;
				CLANG_WARN_DIRECT_OBJC_ISA_USAGE = YES_ERROR;
				CLANG_WARN_DOCUMENTATION_COMMENTS = YES;
				CLANG_WARN_EMPTY_BODY = YES;
				CLANG_WARN_ENUM_CONVERSION = YES;
				CLANG_WARN_INFINITE_RECURSION = YES;
				CLANG_WARN_INT_CONVERSION = YES;
				CLANG_WARN_NON_LITERAL_NULL_CONVERSION = YES;
				CLANG_WARN_OBJC_IMPLICIT_RETAIN_SELF = YES;
				CLANG_WARN_OBJC_LITERAL_CONVERSION = YES;
				CLANG_WARN_OBJC_ROOT_CLASS = YES_ERROR;
				CLANG_WARN_QUOTED_INCLUDE_IN_FRAMEWORK_HEADER = YES;
				CLANG_WARN_RANGE_LOOP_ANALYSIS = YES;
				CLANG_WARN_STRICT_PROTOTYPES = YES;
				CLANG_WARN_SUSPICIOUS_MOVE = YES;
				CLANG_WARN_UNGUARDED_AVAILABILITY = YES_AGGRESSIVE;
				CLANG_WARN_UNREACHABLE_CODE = YES;
				CLANG_WARN__DUPLICATE_METHOD_MATCH = YES;
				COPY_PHASE_STRIP = NO;
				DEBUG_INFORMATION_FORMAT = "dwarf-with-dsym";
				ENABLE_NS_ASSERTIONS = NO;
				ENABLE_STRICT_OBJC_MSGSEND = YES;
				ENABLE_USER_SCRIPT_SANDBOXING = YES;
				GCC_C_LANGUAGE_STANDARD = gnu17;
				GCC_NO_COMMON_BLOCKS = YES;
				GCC_WARN_64_TO_32_BIT_CONVERSION = YES;
				GCC_WARN_ABOUT_RETURN_TYPE = YES_ERROR;
				GCC_WARN_UNDECLARED_SELECTOR = YES;
				GCC_WARN_UNINITIALIZED_AUTOS = YES_AGGRESSIVE;
				GCC_WARN_UNUSED_FUNCTION = YES;
				GCC_WARN_UNUSED_VARIABLE = YES;
				IPHONEOS_DEPLOYMENT_TARGET = 13.0;
				LOCALIZATION_PREFERS_STRING_CATALOGS = YES;
				MTL_ENABLE_DEBUG_INFO = NO;
				MTL_FAST_MATH = YES;
				SDKROOT = iphoneos;
				SWIFT_COMPILATION_MODE = wholemodule;
				VALIDATE_PRODUCT = YES;
			};
			name = Release;
		};
		318919012C7D0EB2009312AD /* Debug */ = {
			isa = XCBuildConfiguration;
			buildSettings = {
				ASSETCATALOG_COMPILER_APPICON_NAME = AppIcon;
				ASSETCATALOG_COMPILER_GLOBAL_ACCENT_COLOR_NAME = AccentColor;
				CODE_SIGN_STYLE = Automatic;
				CURRENT_PROJECT_VERSION = 1;
				DEVELOPMENT_TEAM = CH8ZMKAB95;
				GENERATE_INFOPLIST_FILE = YES;
				INFOPLIST_FILE = ImageFeedFun/Info.plist;
				INFOPLIST_KEY_UIApplicationSupportsIndirectInputEvents = YES;
				INFOPLIST_KEY_UILaunchStoryboardName = LaunchScreen;
				INFOPLIST_KEY_UIMainStoryboardFile = Main;
				INFOPLIST_KEY_UISupportedInterfaceOrientations = UIInterfaceOrientationPortrait;
				IPHONEOS_DEPLOYMENT_TARGET = 13.0;
				LD_RUNPATH_SEARCH_PATHS = (
					"$(inherited)",
					"@executable_path/Frameworks",
				);
				MARKETING_VERSION = 1.0;
				PRODUCT_BUNDLE_IDENTIFIER = ru.yandex.practicum.ImageFeedFun;
				PRODUCT_NAME = "$(TARGET_NAME)";
				SUPPORTED_PLATFORMS = "iphoneos iphonesimulator";
				SUPPORTS_MACCATALYST = NO;
				SUPPORTS_MAC_DESIGNED_FOR_IPHONE_IPAD = NO;
				SUPPORTS_XR_DESIGNED_FOR_IPHONE_IPAD = NO;
				SWIFT_EMIT_LOC_STRINGS = YES;
				SWIFT_VERSION = 5.0;
				TARGETED_DEVICE_FAMILY = 1;
			};
			name = Debug;
		};
		318919022C7D0EB2009312AD /* Release */ = {
			isa = XCBuildConfiguration;
			buildSettings = {
				ASSETCATALOG_COMPILER_APPICON_NAME = AppIcon;
				ASSETCATALOG_COMPILER_GLOBAL_ACCENT_COLOR_NAME = AccentColor;
				CODE_SIGN_STYLE = Automatic;
				CURRENT_PROJECT_VERSION = 1;
				DEVELOPMENT_TEAM = CH8ZMKAB95;
				GENERATE_INFOPLIST_FILE = YES;
				INFOPLIST_FILE = ImageFeedFun/Info.plist;
				INFOPLIST_KEY_UIApplicationSupportsIndirectInputEvents = YES;
				INFOPLIST_KEY_UILaunchStoryboardName = LaunchScreen;
				INFOPLIST_KEY_UIMainStoryboardFile = Main;
				INFOPLIST_KEY_UISupportedInterfaceOrientations = UIInterfaceOrientationPortrait;
				IPHONEOS_DEPLOYMENT_TARGET = 13.0;
				LD_RUNPATH_SEARCH_PATHS = (
					"$(inherited)",
					"@executable_path/Frameworks",
				);
				MARKETING_VERSION = 1.0;
				PRODUCT_BUNDLE_IDENTIFIER = ru.yandex.practicum.ImageFeedFun;
				PRODUCT_NAME = "$(TARGET_NAME)";
				SUPPORTED_PLATFORMS = "iphoneos iphonesimulator";
				SUPPORTS_MACCATALYST = NO;
				SUPPORTS_MAC_DESIGNED_FOR_IPHONE_IPAD = NO;
				SUPPORTS_XR_DESIGNED_FOR_IPHONE_IPAD = NO;
				SWIFT_EMIT_LOC_STRINGS = YES;
				SWIFT_VERSION = 5.0;
				TARGETED_DEVICE_FAMILY = 1;
			};
			name = Release;
		};
/* End XCBuildConfiguration section */

/* Begin XCConfigurationList section */
		318918E72C7D0EB0009312AD /* Build configuration list for PBXProject "ImageFeedFun" */ = {
			isa = XCConfigurationList;
			buildConfigurations = (
				318918FE2C7D0EB2009312AD /* Debug */,
				318918FF2C7D0EB2009312AD /* Release */,
			);
			defaultConfigurationIsVisible = 0;
			defaultConfigurationName = Release;
		};
		318919002C7D0EB2009312AD /* Build configuration list for PBXNativeTarget "ImageFeedFun" */ = {
			isa = XCConfigurationList;
			buildConfigurations = (
				318919012C7D0EB2009312AD /* Debug */,
				318919022C7D0EB2009312AD /* Release */,
			);
			defaultConfigurationIsVisible = 0;
			defaultConfigurationName = Release;
		};
/* End XCConfigurationList section */

/* Begin XCRemoteSwiftPackageReference section */
		310140AC2D56A445007C6CC2 /* XCRemoteSwiftPackageReference "ProgressHUD" */ = {
			isa = XCRemoteSwiftPackageReference;
			repositoryURL = "https://github.com/relatedcode/ProgressHUD";
			requirement = {
				kind = upToNextMajorVersion;
				minimumVersion = 14.1.3;
			};
		};
		31928D2E2CBC206B007DDC94 /* XCRemoteSwiftPackageReference "ProgressHUD" */ = {
			isa = XCRemoteSwiftPackageReference;
			repositoryURL = "https://github.com/relatedcode/ProgressHUD";
			requirement = {
				kind = upToNextMajorVersion;
				minimumVersion = 14.1.3;
			};
		};
		31A090422D65202900DFA357 /* XCRemoteSwiftPackageReference "Kingfisher" */ = {
			isa = XCRemoteSwiftPackageReference;
			repositoryURL = "https://github.com/onevcat/Kingfisher";
			requirement = {
				kind = upToNextMajorVersion;
				minimumVersion = 8.2.0;
			};
		};
		31A090472D65341800DFA357 /* XCRemoteSwiftPackageReference "SwiftKeychainWrapper" */ = {
			isa = XCRemoteSwiftPackageReference;
			repositoryURL = "https://github.com/jrendel/SwiftKeychainWrapper.git";
			requirement = {
				kind = upToNextMajorVersion;
				minimumVersion = 4.0.1;
			};
		};
/* End XCRemoteSwiftPackageReference section */

/* Begin XCSwiftPackageProductDependency section */
		310140AA2D56A42B007C6CC2 /* ProgressHUD */ = {
			isa = XCSwiftPackageProductDependency;
			package = 31928D2E2CBC206B007DDC94 /* XCRemoteSwiftPackageReference "ProgressHUD" */;
			productName = ProgressHUD;
		};
		310140AD2D56A445007C6CC2 /* ProgressHUD */ = {
			isa = XCSwiftPackageProductDependency;
			package = 310140AC2D56A445007C6CC2 /* XCRemoteSwiftPackageReference "ProgressHUD" */;
			productName = ProgressHUD;
		};
		31928D2F2CBC206B007DDC94 /* ProgressHUD */ = {
			isa = XCSwiftPackageProductDependency;
			package = 31928D2E2CBC206B007DDC94 /* XCRemoteSwiftPackageReference "ProgressHUD" */;
			productName = ProgressHUD;
		};
		31A090432D65202900DFA357 /* Kingfisher */ = {
			isa = XCSwiftPackageProductDependency;
			package = 31A090422D65202900DFA357 /* XCRemoteSwiftPackageReference "Kingfisher" */;
			productName = Kingfisher;
		};
		31A090452D65340700DFA357 /* Kingfisher */ = {
			isa = XCSwiftPackageProductDependency;
			package = 31A090422D65202900DFA357 /* XCRemoteSwiftPackageReference "Kingfisher" */;
			productName = Kingfisher;
		};
		31A090482D65341800DFA357 /* SwiftKeychainWrapper */ = {
			isa = XCSwiftPackageProductDependency;
			package = 31A090472D65341800DFA357 /* XCRemoteSwiftPackageReference "SwiftKeychainWrapper" */;
			productName = SwiftKeychainWrapper;
		};
/* End XCSwiftPackageProductDependency section */
	};
	rootObject = 318918E42C7D0EB0009312AD /* Project object */;
}
